{
    "version": 3,
    "terraform_version": "0.11.8",
    "serial": 2,
    "lineage": "0e24e42f-22b7-35d5-ce17-c75c6660fbff",
    "modules": [
        {
            "path": [
                "root"
            ],
            "outputs": {},
            "resources": {},
            "depends_on": []
        },
        {
            "path": [
                "root",
                "inventory_generation"
            ],
            "outputs": {},
            "resources": {
                "data.template_file.inventory": {
                    "type": "template_file",
                    "depends_on": [
                        "local.aws_keys_block"
                    ],
                    "primary": {
                        "id": "94dd3e44f79de1755b59ca4208356af5600aa3d7bd7b41b02f2c0f6afcbccf6c",
                        "attributes": {
                            "id": "94dd3e44f79de1755b59ca4208356af5600aa3d7bd7b41b02f2c0f6afcbccf6c",
                            "rendered": "[OSEv3:children]\nmasters\nnodes\netcd\nglusterfs\n\n[masters]\nconsole.dev.lakshminp.cloud openshift_ip=138.197.172.230 openshift_schedulable=true\n\n[etcd]\nconsole.dev.lakshminp.cloud openshift_ip=138.197.172.230\n\n[nodes]\nconsole.dev.lakshminp.cloud openshift_ip=138.197.172.230 openshift_schedulable=true openshift_node_group_name='node-config-all-in-one'\nnode-01.dev.lakshminp.cloud openshift_ip=159.203.1.49 openshift_schedulable=true openshift_node_group_name='node-config-compute'\nnode-02.dev.lakshminp.cloud openshift_ip=138.197.172.76 openshift_schedulable=true openshift_node_group_name='node-config-compute'\n\n\n[glusterfs]\nconsole.dev.lakshminp.cloud glusterfs_devices='[ \"/dev/sda\" ]'\nnode-01.dev.lakshminp.cloud glusterfs_devices='[ \"/dev/sda\" ]'\nnode-02.dev.lakshminp.cloud glusterfs_devices='[ \"/dev/sda\" ]'\n\n[OSEv3:vars]\ndebug_level=4\nansible_ssh_user=root\nopenshift_enable_service_catalog=False\nansible_service_broker_install=False\nansible_ssh_private_key=~/.ssh/tf\n\nos_sdn_network_plugin_name='redhat/openshift-ovs-multitenant'\nopenshift_disable_check=disk_availability,docker_storage,memory_availability,docker_image_availability\n\n# openshift_node_kubelet_args={'pods-per-core': ['10']}\n\ndeployment_type=origin\nopenshift_deployment_type=origin\n\nopenshift_release=\"3.11\"\n#openshift_image_tag=v3.11.0\n# openshift_service_catalog_image_version=v3.11.0\n# template_service_broker_image_version=v3.11.0\n\n\n\nopenshift_clusterid=\n\n\nopenshift_additional_repos=[{'id': 'centos-okd-ci', 'name': 'centos-okd-ci', 'baseurl' :'http://buildlogs.centos.org/centos/7/paas/x86_64/openshift-origin311/', 'gpgcheck' :'0', 'enabled' :'1'}]\n\nopenshift_master_identity_providers=[{'name': 'htpasswd_auth', 'login': 'true', 'challenge': 'true', 'kind': 'HTPasswdPasswordIdentityProvider'}]\n\nopenshift_public_hostname=console.dev.lakshminp.cloud\nopenshift_master_default_subdomain=apps.dev.lakshminp.cloud\n\n# Commented out because of https://github.com/openshift/openshift-ansible/issues/9219\n#openshift_master_api_port=443\n#openshift_master_console_port=443\n",
                            "template": "[OSEv3:children]\nmasters\nnodes\netcd\n${gluster_group}\n\n[masters]\n${master_ips}\n\n[etcd]\n${etcd_ips}\n\n[nodes]\n${master_node_entry}\n${nodes}\n\n\n${glusterfs_master}\n${glusterfs_nodes}\n\n[OSEv3:vars]\ndebug_level=4\nansible_ssh_user=${ansible_ssh_user}\nopenshift_enable_service_catalog=False\nansible_service_broker_install=False\nansible_ssh_private_key=${private_key_path}\n\nos_sdn_network_plugin_name='redhat/openshift-ovs-multitenant'\nopenshift_disable_check=disk_availability,docker_storage,memory_availability,docker_image_availability\n\n# openshift_node_kubelet_args={'pods-per-core': ['${pods_per_core}']}\n\ndeployment_type=origin\nopenshift_deployment_type=origin\n\nopenshift_release=\"3.11\"\n#openshift_image_tag=v3.11.0\n# openshift_service_catalog_image_version=v3.11.0\n# template_service_broker_image_version=v3.11.0\n\n${aws_keys_block}\n\nopenshift_clusterid=${cluster_id}\n\n\nopenshift_additional_repos=[{'id': 'centos-okd-ci', 'name': 'centos-okd-ci', 'baseurl' :'http://buildlogs.centos.org/centos/7/paas/x86_64/openshift-origin311/', 'gpgcheck' :'0', 'enabled' :'1'}]\n\nopenshift_master_identity_providers=[{'name': 'htpasswd_auth', 'login': 'true', 'challenge': 'true', 'kind': 'HTPasswdPasswordIdentityProvider'}]\n\nopenshift_public_hostname=${openshift_public_host_name}\nopenshift_master_default_subdomain=${openshift_master_default_subdomain}\n\n# Commented out because of https://github.com/openshift/openshift-ansible/issues/9219\n#openshift_master_api_port=443\n#openshift_master_console_port=443\n",
                            "vars.%": "14",
                            "vars.ansible_ssh_user": "root",
                            "vars.aws_keys_block": "",
                            "vars.cluster_id": "",
                            "vars.etcd_ips": "console.dev.lakshminp.cloud openshift_ip=138.197.172.230",
                            "vars.gluster_group": "glusterfs",
                            "vars.glusterfs_master": "[glusterfs]\nconsole.dev.lakshminp.cloud glusterfs_devices='[ \"/dev/sda\" ]'",
                            "vars.glusterfs_nodes": "node-01.dev.lakshminp.cloud glusterfs_devices='[ \"/dev/sda\" ]'\nnode-02.dev.lakshminp.cloud glusterfs_devices='[ \"/dev/sda\" ]'",
                            "vars.master_ips": "console.dev.lakshminp.cloud openshift_ip=138.197.172.230 openshift_schedulable=true",
                            "vars.master_node_entry": "console.dev.lakshminp.cloud openshift_ip=138.197.172.230 openshift_schedulable=true openshift_node_group_name='node-config-all-in-one'",
                            "vars.nodes": "node-01.dev.lakshminp.cloud openshift_ip=159.203.1.49 openshift_schedulable=true openshift_node_group_name='node-config-compute'\nnode-02.dev.lakshminp.cloud openshift_ip=138.197.172.76 openshift_schedulable=true openshift_node_group_name='node-config-compute'",
                            "vars.openshift_master_default_subdomain": "apps.dev.lakshminp.cloud",
                            "vars.openshift_public_host_name": "console.dev.lakshminp.cloud",
                            "vars.pods_per_core": "10",
                            "vars.private_key_path": "~/.ssh/tf"
                        },
                        "meta": {},
                        "tainted": false
                    },
                    "deposed": [],
                    "provider": "provider.template"
                },
                "local_file.inventory": {
                    "type": "local_file",
                    "depends_on": [
                        "data.template_file.inventory"
                    ],
                    "primary": {
                        "id": "42be8866ee2ad602a3122750fee9492fb5a7e2f0",
                        "attributes": {
                            "content": "[OSEv3:children]\nmasters\nnodes\netcd\nglusterfs\n\n[masters]\nconsole.dev.lakshminp.cloud openshift_ip=138.197.172.230 openshift_schedulable=true\n\n[etcd]\nconsole.dev.lakshminp.cloud openshift_ip=138.197.172.230\n\n[nodes]\nconsole.dev.lakshminp.cloud openshift_ip=138.197.172.230 openshift_schedulable=true openshift_node_group_name='node-config-all-in-one'\nnode-01.dev.lakshminp.cloud openshift_ip=159.203.1.49 openshift_schedulable=true openshift_node_group_name='node-config-compute'\nnode-02.dev.lakshminp.cloud openshift_ip=138.197.172.76 openshift_schedulable=true openshift_node_group_name='node-config-compute'\n\n\n[glusterfs]\nconsole.dev.lakshminp.cloud glusterfs_devices='[ \"/dev/sda\" ]'\nnode-01.dev.lakshminp.cloud glusterfs_devices='[ \"/dev/sda\" ]'\nnode-02.dev.lakshminp.cloud glusterfs_devices='[ \"/dev/sda\" ]'\n\n[OSEv3:vars]\ndebug_level=4\nansible_ssh_user=root\nopenshift_enable_service_catalog=False\nansible_service_broker_install=False\nansible_ssh_private_key=~/.ssh/tf\n\nos_sdn_network_plugin_name='redhat/openshift-ovs-multitenant'\nopenshift_disable_check=disk_availability,docker_storage,memory_availability,docker_image_availability\n\n# openshift_node_kubelet_args={'pods-per-core': ['10']}\n\ndeployment_type=origin\nopenshift_deployment_type=origin\n\nopenshift_release=\"3.11\"\n#openshift_image_tag=v3.11.0\n# openshift_service_catalog_image_version=v3.11.0\n# template_service_broker_image_version=v3.11.0\n\n\n\nopenshift_clusterid=\n\n\nopenshift_additional_repos=[{'id': 'centos-okd-ci', 'name': 'centos-okd-ci', 'baseurl' :'http://buildlogs.centos.org/centos/7/paas/x86_64/openshift-origin311/', 'gpgcheck' :'0', 'enabled' :'1'}]\n\nopenshift_master_identity_providers=[{'name': 'htpasswd_auth', 'login': 'true', 'challenge': 'true', 'kind': 'HTPasswdPasswordIdentityProvider'}]\n\nopenshift_public_hostname=console.dev.lakshminp.cloud\nopenshift_master_default_subdomain=apps.dev.lakshminp.cloud\n\n# Commented out because of https://github.com/openshift/openshift-ansible/issues/9219\n#openshift_master_api_port=443\n#openshift_master_console_port=443\n",
                            "filename": "/home/lakshmi/os/openshift-terraform/digitalocean/inventory.cfg",
                            "id": "42be8866ee2ad602a3122750fee9492fb5a7e2f0"
                        },
                        "meta": {},
                        "tainted": false
                    },
                    "deposed": [],
                    "provider": "provider.local"
                }
            },
            "depends_on": []
        },
        {
            "path": [
                "root",
                "openshift_digitalocean"
            ],
            "outputs": {
                "apps_subdomain": {
                    "sensitive": false,
                    "type": "string",
                    "value": "apps.dev.lakshminp.cloud"
                },
                "master_domain": {
                    "sensitive": false,
                    "type": "string",
                    "value": "console.dev.lakshminp.cloud"
                },
                "master_ip_address": {
                    "sensitive": false,
                    "type": "string",
                    "value": "138.197.172.230"
                },
                "node_domains": {
                    "sensitive": false,
                    "type": "list",
                    "value": [
                        "node-01.dev.lakshminp.cloud",
                        "node-02.dev.lakshminp.cloud"
                    ]
                },
                "node_ip_address": {
                    "sensitive": false,
                    "type": "list",
                    "value": [
                        "159.203.1.49",
                        "138.197.172.76"
                    ]
                }
            },
            "resources": {
                "digitalocean_domain.openshift_base": {
                    "type": "digitalocean_domain",
                    "depends_on": [
                        "digitalocean_droplet.master"
                    ],
                    "primary": {
                        "id": "dev.lakshminp.cloud",
                        "attributes": {
                            "id": "dev.lakshminp.cloud",
                            "ip_address": "138.197.172.230",
                            "name": "dev.lakshminp.cloud"
                        },
                        "meta": {},
                        "tainted": false
                    },
                    "deposed": [],
                    "provider": "provider.digitalocean"
                },
                "digitalocean_droplet.master": {
                    "type": "digitalocean_droplet",
                    "depends_on": [
                        "digitalocean_ssh_key.keypair",
                        "digitalocean_volume.master_volume"
                    ],
                    "primary": {
                        "id": "119802714",
                        "attributes": {
                            "backups": "false",
                            "disk": "60",
                            "id": "119802714",
                            "image": "centos-7-x64",
                            "ipv4_address": "138.197.172.230",
                            "ipv4_address_private": "10.137.136.12",
                            "ipv6": "false",
                            "ipv6_address": "",
                            "ipv6_address_private": "",
                            "locked": "false",
                            "memory": "4096",
                            "monitoring": "false",
                            "name": "openshift-master",
                            "price_hourly": "0.05952",
                            "price_monthly": "40",
                            "private_networking": "true",
                            "region": "tor1",
                            "resize_disk": "true",
                            "size": "4gb",
                            "ssh_keys.#": "1",
                            "ssh_keys.3035816512": "23568635",
                            "status": "active",
                            "tags.#": "0",
                            "vcpus": "2",
                            "volume_ids.#": "1",
                            "volume_ids.2557244788": "a7226701-ecdf-11e8-915f-0a58ac14e128"
                        },
                        "meta": {
                            "schema_version": "1"
                        },
                        "tainted": false
                    },
                    "deposed": [],
                    "provider": "provider.digitalocean"
                },
                "digitalocean_droplet.nodes.0": {
                    "type": "digitalocean_droplet",
                    "depends_on": [
                        "digitalocean_ssh_key.keypair",
                        "digitalocean_volume.node_volumes.*"
                    ],
                    "primary": {
                        "id": "119802713",
                        "attributes": {
                            "backups": "false",
                            "disk": "40",
                            "id": "119802713",
                            "image": "centos-7-x64",
                            "ipv4_address": "159.203.1.49",
                            "ipv4_address_private": "",
                            "ipv6": "false",
                            "ipv6_address": "",
                            "ipv6_address_private": "",
                            "locked": "false",
                            "memory": "2048",
                            "monitoring": "false",
                            "name": "node-01",
                            "price_hourly": "0.02976",
                            "price_monthly": "20",
                            "private_networking": "false",
                            "region": "tor1",
                            "resize_disk": "true",
                            "size": "2gb",
                            "ssh_keys.#": "1",
                            "ssh_keys.3035816512": "23568635",
                            "status": "active",
                            "tags.#": "0",
                            "vcpus": "2",
                            "volume_ids.#": "1",
                            "volume_ids.4182975140": "a71b7e48-ecdf-11e8-915f-0a58ac14e128"
                        },
                        "meta": {
                            "schema_version": "1"
                        },
                        "tainted": false
                    },
                    "deposed": [],
                    "provider": "provider.digitalocean"
                },
                "digitalocean_droplet.nodes.1": {
                    "type": "digitalocean_droplet",
                    "depends_on": [
                        "digitalocean_ssh_key.keypair",
                        "digitalocean_volume.node_volumes.*"
                    ],
                    "primary": {
                        "id": "119802715",
                        "attributes": {
                            "backups": "false",
                            "disk": "40",
                            "id": "119802715",
                            "image": "centos-7-x64",
                            "ipv4_address": "138.197.172.76",
                            "ipv4_address_private": "",
                            "ipv6": "false",
                            "ipv6_address": "",
                            "ipv6_address_private": "",
                            "locked": "false",
                            "memory": "2048",
                            "monitoring": "false",
                            "name": "node-02",
                            "price_hourly": "0.02976",
                            "price_monthly": "20",
                            "private_networking": "false",
                            "region": "tor1",
                            "resize_disk": "true",
                            "size": "2gb",
                            "ssh_keys.#": "1",
                            "ssh_keys.3035816512": "23568635",
                            "status": "active",
                            "tags.#": "0",
                            "vcpus": "2",
                            "volume_ids.#": "1",
                            "volume_ids.218939728": "a723ba43-ecdf-11e8-915f-0a58ac14e128"
                        },
                        "meta": {
                            "schema_version": "1"
                        },
                        "tainted": false
                    },
                    "deposed": [],
                    "provider": "provider.digitalocean"
                },
                "digitalocean_record.openshift_apps": {
                    "type": "digitalocean_record",
                    "depends_on": [
                        "digitalocean_domain.openshift_base"
                    ],
                    "primary": {
                        "id": "58662337",
                        "attributes": {
                            "domain": "dev.lakshminp.cloud",
                            "flags": "0",
                            "fqdn": "*.apps.dev.lakshminp.cloud",
                            "id": "58662337",
                            "name": "*.apps",
                            "port": "0",
                            "priority": "0",
                            "tag": "",
                            "ttl": "1800",
                            "type": "CNAME",
                            "value": "@",
                            "weight": "0"
                        },
                        "meta": {},
                        "tainted": false
                    },
                    "deposed": [],
                    "provider": "provider.digitalocean"
                },
                "digitalocean_record.openshift_nodes.0": {
                    "type": "digitalocean_record",
                    "depends_on": [
                        "digitalocean_domain.openshift_base",
                        "digitalocean_droplet.nodes.*"
                    ],
                    "primary": {
                        "id": "58662345",
                        "attributes": {
                            "domain": "dev.lakshminp.cloud",
                            "flags": "0",
                            "fqdn": "node-01.dev.lakshminp.cloud",
                            "id": "58662345",
                            "name": "node-01",
                            "port": "0",
                            "priority": "0",
                            "tag": "",
                            "ttl": "1800",
                            "type": "A",
                            "value": "159.203.1.49",
                            "weight": "0"
                        },
                        "meta": {},
                        "tainted": false
                    },
                    "deposed": [],
                    "provider": "provider.digitalocean"
                },
                "digitalocean_record.openshift_nodes.1": {
                    "type": "digitalocean_record",
                    "depends_on": [
                        "digitalocean_domain.openshift_base",
                        "digitalocean_droplet.nodes.*"
                    ],
                    "primary": {
                        "id": "58662346",
                        "attributes": {
                            "domain": "dev.lakshminp.cloud",
                            "flags": "0",
                            "fqdn": "node-02.dev.lakshminp.cloud",
                            "id": "58662346",
                            "name": "node-02",
                            "port": "0",
                            "priority": "0",
                            "tag": "",
                            "ttl": "1800",
                            "type": "A",
                            "value": "138.197.172.76",
                            "weight": "0"
                        },
                        "meta": {},
                        "tainted": false
                    },
                    "deposed": [],
                    "provider": "provider.digitalocean"
                },
                "digitalocean_record.openshift_web_console": {
                    "type": "digitalocean_record",
                    "depends_on": [
                        "digitalocean_domain.openshift_base",
                        "digitalocean_droplet.master"
                    ],
                    "primary": {
                        "id": "58662336",
                        "attributes": {
                            "domain": "dev.lakshminp.cloud",
                            "flags": "0",
                            "fqdn": "console.dev.lakshminp.cloud",
                            "id": "58662336",
                            "name": "console",
                            "port": "0",
                            "priority": "0",
                            "tag": "",
                            "ttl": "1800",
                            "type": "A",
                            "value": "138.197.172.230",
                            "weight": "0"
                        },
                        "meta": {},
                        "tainted": false
                    },
                    "deposed": [],
                    "provider": "provider.digitalocean"
                },
                "digitalocean_ssh_key.keypair": {
                    "type": "digitalocean_ssh_key",
                    "depends_on": [],
                    "primary": {
                        "id": "23568635",
                        "attributes": {
                            "fingerprint": "e1:b6:f7:59:06:a8:d8:9a:73:fa:25:7a:3b:7f:c4:2b",
                            "id": "23568635",
                            "name": "openshift",
                            "public_key": "ssh-rsa AAAAB3NzaC1yc2EAAAADAQABAAABAQDbdYg4GILPQzs+D5vEZKpS+HzuWxj4/9oCb1KfbthuDoabCktqsO3GH6wyUzOQP2LcqlIYtUrGKJi4rB1YAUVRTrSCiQe99zEOESihjduJEsfkLxBSCwWMUmV3GWEa/TiL5vvl4HySwuCva7kQmu8v1kbgyqEjfBPsyR2/OCdwZ+9Le55d9MXQCTJwZpTN2v2N6JtiB3794Gsb8F/kj7riegKXmsbrveDq6wEaAculALd4Mf+UmEjH+rHTHRBHmWmnvFaUH/u5VNKJNodi0WRMOLihVcH7fUsni9ZwaXKZOU0gYTF3cP/uF3jE7Fss1GFypOwqNJni42SiT7wbLKvn lakshmi@opusone"
                        },
                        "meta": {},
                        "tainted": false
                    },
                    "deposed": [],
                    "provider": "provider.digitalocean"
                },
                "digitalocean_volume.master_volume": {
                    "type": "digitalocean_volume",
                    "depends_on": [],
                    "primary": {
                        "id": "a7226701-ecdf-11e8-915f-0a58ac14e128",
                        "attributes": {
                            "droplet_ids.#": "0",
                            "id": "a7226701-ecdf-11e8-915f-0a58ac14e128",
                            "name": "master-glusterfs",
                            "region": "tor1",
                            "size": "50"
                        },
                        "meta": {},
                        "tainted": false
                    },
                    "deposed": [],
                    "provider": "provider.digitalocean"
                },
                "digitalocean_volume.node_volumes.0": {
                    "type": "digitalocean_volume",
                    "depends_on": [],
                    "primary": {
                        "id": "a71b7e48-ecdf-11e8-915f-0a58ac14e128",
                        "attributes": {
                            "droplet_ids.#": "0",
                            "id": "a71b7e48-ecdf-11e8-915f-0a58ac14e128",
                            "name": "node-01-glusterfs",
                            "region": "tor1",
                            "size": "50"
                        },
                        "meta": {},
                        "tainted": false
                    },
                    "deposed": [],
                    "provider": "provider.digitalocean"
                },
                "digitalocean_volume.node_volumes.1": {
                    "type": "digitalocean_volume",
                    "depends_on": [],
                    "primary": {
                        "id": "a723ba43-ecdf-11e8-915f-0a58ac14e128",
                        "attributes": {
                            "droplet_ids.#": "0",
                            "id": "a723ba43-ecdf-11e8-915f-0a58ac14e128",
                            "name": "node-02-glusterfs",
                            "region": "tor1",
                            "size": "50"
                        },
                        "meta": {},
                        "tainted": false
                    },
                    "deposed": [],
                    "provider": "provider.digitalocean"
                }
            },
            "depends_on": []
        }
    ]
}
